Microsoft Visual Studio Solution File, Format Version 12.00
# Visual Studio 14
VisualStudioVersion = 14.0.25123.0
MinimumVisualStudioVersion = 10.0.40219.1
Project("{FAE04EC0-301F-11D3-BF4B-00C04F79EFBC}") = "Forms", "Forms\Forms.csproj", "{92F6B889-DA6F-4293-9D7A-EBCF2B6C1396}"
EndProject
Project("{FAE04EC0-301F-11D3-BF4B-00C04F79EFBC}") = "Forms.iOS", "iOS\Forms.iOS.csproj", "{B7E220C9-9FA0-4BF1-8743-161137B205EA}"
EndProject
Project("{FAE04EC0-301F-11D3-BF4B-00C04F79EFBC}") = "Forms.Droid", "Droid\Forms.Droid.csproj", "{B9306FAA-667E-4A33-B7B3-8DA2C9F83EA2}"
EndProject
Project("{FAE04EC0-301F-11D3-BF4B-00C04F79EFBC}") = "Forms.UWP", "UWP\Forms.UWP.csproj", "{A6C8D2FC-B5A9-45EC-920F-4431A9E9A7E1}"
EndProject
Global
	GlobalSection(SolutionConfigurationPlatforms) = preSolution
		Debug|Any CPU = Debug|Any CPU
		Debug|ARM = Debug|ARM
		Debug|iPhone = Debug|iPhone
		Debug|iPhoneSimulator = Debug|iPhoneSimulator
		Debug|x64 = Debug|x64
		Debug|x86 = Debug|x86
		Release|Any CPU = Release|Any CPU
		Release|ARM = Release|ARM
		Release|iPhone = Release|iPhone
		Release|iPhoneSimulator = Release|iPhoneSimulator
		Release|x64 = Release|x64
		Release|x86 = Release|x86
	EndGlobalSection
	GlobalSection(ProjectConfigurationPlatforms) = postSolution
		{92F6B889-DA6F-4293-9D7A-EBCF2B6C1396}.Debug|Any CPU.ActiveCfg = Debug|Any CPU
		{92F6B889-DA6F-4293-9D7A-EBCF2B6C1396}.Debug|Any CPU.Build.0 = Debug|Any CPU
		{92F6B889-DA6F-4293-9D7A-EBCF2B6C1396}.Debug|ARM.ActiveCfg = Debug|Any CPU
		{92F6B889-DA6F-4293-9D7A-EBCF2B6C1396}.Debug|ARM.Build.0 = Debug|Any CPU
		{92F6B889-DA6F-4293-9D7A-EBCF2B6C1396}.Debug|iPhone.ActiveCfg = Debug|Any CPU
		{92F6B889-DA6F-4293-9D7A-EBCF2B6C1396}.Debug|iPhone.Build.0 = Debug|Any CPU
		{92F6B889-DA6F-4293-9D7A-EBCF2B6C1396}.Debug|iPhoneSimulator.ActiveCfg = Debug|Any CPU
		{92F6B889-DA6F-4293-9D7A-EBCF2B6C1396}.Debug|iPhoneSimulator.Build.0 = Debug|Any CPU
		{92F6B889-DA6F-4293-9D7A-EBCF2B6C1396}.Debug|x64.ActiveCfg = Debug|Any CPU
		{92F6B889-DA6F-4293-9D7A-EBCF2B6C1396}.Debug|x64.Build.0 = Debug|Any CPU
		{92F6B889-DA6F-4293-9D7A-EBCF2B6C1396}.Debug|x86.ActiveCfg = Debug|Any CPU
		{92F6B889-DA6F-4293-9D7A-EBCF2B6C1396}.Debug|x86.Build.0 = Debug|Any CPU
		{92F6B889-DA6F-4293-9D7A-EBCF2B6C1396}.Release|Any CPU.ActiveCfg = Release|Any CPU
		{92F6B889-DA6F-4293-9D7A-EBCF2B6C1396}.Release|Any CPU.Build.0 = Release|Any CPU
		{92F6B889-DA6F-4293-9D7A-EBCF2B6C1396}.Release|ARM.ActiveCfg = Release|Any CPU
		{92F6B889-DA6F-4293-9D7A-EBCF2B6C1396}.Release|ARM.Build.0 = Release|Any CPU
		{92F6B889-DA6F-4293-9D7A-EBCF2B6C1396}.Release|iPhone.ActiveCfg = Release|Any CPU
		{92F6B889-DA6F-4293-9D7A-EBCF2B6C1396}.Release|iPhone.Build.0 = Release|Any CPU
		{92F6B889-DA6F-4293-9D7A-EBCF2B6C1396}.Release|iPhoneSimulator.ActiveCfg = Release|Any CPU
		{92F6B889-DA6F-4293-9D7A-EBCF2B6C1396}.Release|iPhoneSimulator.Build.0 = Release|Any CPU
		{92F6B889-DA6F-4293-9D7A-EBCF2B6C1396}.Release|x64.ActiveCfg = Release|Any CPU
		{92F6B889-DA6F-4293-9D7A-EBCF2B6C1396}.Release|x64.Build.0 = Release|Any CPU
		{92F6B889-DA6F-4293-9D7A-EBCF2B6C1396}.Release|x86.ActiveCfg = Release|Any CPU
		{92F6B889-DA6F-4293-9D7A-EBCF2B6C1396}.Release|x86.Build.0 = Release|Any CPU
		{B7E220C9-9FA0-4BF1-8743-161137B205EA}.Debug|Any CPU.ActiveCfg = Debug|iPhoneSimulator
		{B7E220C9-9FA0-4BF1-8743-161137B205EA}.Debug|Any CPU.Build.0 = Debug|iPhoneSimulator
		{B7E220C9-9FA0-4BF1-8743-161137B205EA}.Debug|ARM.ActiveCfg = Debug|iPhone
		{B7E220C9-9FA0-4BF1-8743-161137B205EA}.Debug|iPhone.ActiveCfg = Debug|iPhone
		{B7E220C9-9FA0-4BF1-8743-161137B205EA}.Debug|iPhone.Build.0 = Debug|iPhone
		{B7E220C9-9FA0-4BF1-8743-161137B205EA}.Debug|iPhoneSimulator.ActiveCfg = Debug|iPhoneSimulator
		{B7E220C9-9FA0-4BF1-8743-161137B205EA}.Debug|iPhoneSimulator.Build.0 = Debug|iPhoneSimulator
		{B7E220C9-9FA0-4BF1-8743-161137B205EA}.Debug|x64.ActiveCfg = Debug|iPhone
		{B7E220C9-9FA0-4BF1-8743-161137B205EA}.Debug|x86.ActiveCfg = Debug|iPhone
		{B7E220C9-9FA0-4BF1-8743-161137B205EA}.Release|Any CPU.ActiveCfg = Debug|iPhoneSimulator
		{B7E220C9-9FA0-4BF1-8743-161137B205EA}.Release|Any CPU.Build.0 = Debug|iPhoneSimulator
		{B7E220C9-9FA0-4BF1-8743-161137B205EA}.Release|ARM.ActiveCfg = Release|iPhoneSimulator
		{B7E220C9-9FA0-4BF1-8743-161137B205EA}.Release|iPhone.ActiveCfg = Release|iPhone
		{B7E220C9-9FA0-4BF1-8743-161137B205EA}.Release|iPhone.Build.0 = Release|iPhone
		{B7E220C9-9FA0-4BF1-8743-161137B205EA}.Release|iPhoneSimulator.ActiveCfg = Release|iPhoneSimulator
		{B7E220C9-9FA0-4BF1-8743-161137B205EA}.Release|iPhoneSimulator.Build.0 = Release|iPhoneSimulator
		{B7E220C9-9FA0-4BF1-8743-161137B205EA}.Release|x64.ActiveCfg = Release|iPhoneSimulator
		{B7E220C9-9FA0-4BF1-8743-161137B205EA}.Release|x86.ActiveCfg = Release|iPhoneSimulator
		{B9306FAA-667E-4A33-B7B3-8DA2C9F83EA2}.Debug|Any CPU.ActiveCfg = Debug|Any CPU
		{B9306FAA-667E-4A33-B7B3-8DA2C9F83EA2}.Debug|Any CPU.Build.0 = Debug|Any CPU
		{B9306FAA-667E-4A33-B7B3-8DA2C9F83EA2}.Debug|Any CPU.Deploy.0 = Debug|Any CPU
		{B9306FAA-667E-4A33-B7B3-8DA2C9F83EA2}.Debug|ARM.ActiveCfg = Debug|Any CPU
		{B9306FAA-667E-4A33-B7B3-8DA2C9F83EA2}.Debug|ARM.Build.0 = Debug|Any CPU
		{B9306FAA-667E-4A33-B7B3-8DA2C9F83EA2}.Debug|ARM.Deploy.0 = Debug|Any CPU
		{B9306FAA-667E-4A33-B7B3-8DA2C9F83EA2}.Debug|iPhone.ActiveCfg = Debug|Any CPU
		{B9306FAA-667E-4A33-B7B3-8DA2C9F83EA2}.Debug|iPhone.Build.0 = Debug|Any CPU
		{B9306FAA-667E-4A33-B7B3-8DA2C9F83EA2}.Debug|iPhoneSimulator.ActiveCfg = Debug|Any CPU
		{B9306FAA-667E-4A33-B7B3-8DA2C9F83EA2}.Debug|iPhoneSimulator.Build.0 = Debug|Any CPU
		{B9306FAA-667E-4A33-B7B3-8DA2C9F83EA2}.Debug|x64.ActiveCfg = Debug|Any CPU
		{B9306FAA-667E-4A33-B7B3-8DA2C9F83EA2}.Debug|x64.Build.0 = Debug|Any CPU
		{B9306FAA-667E-4A33-B7B3-8DA2C9F83EA2}.Debug|x64.Deploy.0 = Debug|Any CPU
		{B9306FAA-667E-4A33-B7B3-8DA2C9F83EA2}.Debug|x86.ActiveCfg = Debug|Any CPU
		{B9306FAA-667E-4A33-B7B3-8DA2C9F83EA2}.Debug|x86.Build.0 = Debug|Any CPU
		{B9306FAA-667E-4A33-B7B3-8DA2C9F83EA2}.Debug|x86.Deploy.0 = Debug|Any CPU
		{B9306FAA-667E-4A33-B7B3-8DA2C9F83EA2}.Release|Any CPU.ActiveCfg = Release|Any CPU
		{B9306FAA-667E-4A33-B7B3-8DA2C9F83EA2}.Release|Any CPU.Build.0 = Release|Any CPU
		{B9306FAA-667E-4A33-B7B3-8DA2C9F83EA2}.Release|ARM.ActiveCfg = Release|Any CPU
		{B9306FAA-667E-4A33-B7B3-8DA2C9F83EA2}.Release|ARM.Build.0 = Release|Any CPU
		{B9306FAA-667E-4A33-B7B3-8DA2C9F83EA2}.Release|ARM.Deploy.0 = Release|Any CPU
		{B9306FAA-667E-4A33-B7B3-8DA2C9F83EA2}.Release|iPhone.ActiveCfg = Release|Any CPU
		{B9306FAA-667E-4A33-B7B3-8DA2C9F83EA2}.Release|iPhone.Build.0 = Release|Any CPU
		{B9306FAA-667E-4A33-B7B3-8DA2C9F83EA2}.Release|iPhoneSimulator.ActiveCfg = Release|Any CPU
		{B9306FAA-667E-4A33-B7B3-8DA2C9F83EA2}.Release|iPhoneSimulator.Build.0 = Release|Any CPU
		{B9306FAA-667E-4A33-B7B3-8DA2C9F83EA2}.Release|x64.ActiveCfg = Release|Any CPU
		{B9306FAA-667E-4A33-B7B3-8DA2C9F83EA2}.Release|x64.Build.0 = Release|Any CPU
		{B9306FAA-667E-4A33-B7B3-8DA2C9F83EA2}.Release|x64.Deploy.0 = Release|Any CPU
		{B9306FAA-667E-4A33-B7B3-8DA2C9F83EA2}.Release|x86.ActiveCfg = Release|Any CPU
		{B9306FAA-667E-4A33-B7B3-8DA2C9F83EA2}.Release|x86.Build.0 = Release|Any CPU
		{B9306FAA-667E-4A33-B7B3-8DA2C9F83EA2}.Release|x86.Deploy.0 = Release|Any CPU
		{A6C8D2FC-B5A9-45EC-920F-4431A9E9A7E1}.Debug|Any CPU.ActiveCfg = Debug|x86
		{A6C8D2FC-B5A9-45EC-920F-4431A9E9A7E1}.Debug|Any CPU.Build.0 = Debug|x86
		{A6C8D2FC-B5A9-45EC-920F-4431A9E9A7E1}.Debug|Any CPU.Deploy.0 = Debug|x86
		{A6C8D2FC-B5A9-45EC-920F-4431A9E9A7E1}.Debug|ARM.ActiveCfg = Debug|ARM
		{A6C8D2FC-B5A9-45EC-920F-4431A9E9A7E1}.Debug|ARM.Build.0 = Debug|ARM
		{A6C8D2FC-B5A9-45EC-920F-4431A9E9A7E1}.Debug|ARM.Deploy.0 = Debug|ARM
		{A6C8D2FC-B5A9-45EC-920F-4431A9E9A7E1}.Debug|iPhone.ActiveCfg = Debug|x86
		{A6C8D2FC-B5A9-45EC-920F-4431A9E9A7E1}.Debug|iPhoneSimulator.ActiveCfg = Debug|x86
		{A6C8D2FC-B5A9-45EC-920F-4431A9E9A7E1}.Debug|x64.ActiveCfg = Debug|x64
		{A6C8D2FC-B5A9-45EC-920F-4431A9E9A7E1}.Debug|x64.Build.0 = Debug|x64
		{A6C8D2FC-B5A9-45EC-920F-4431A9E9A7E1}.Debug|x64.Deploy.0 = Debug|x64
		{A6C8D2FC-B5A9-45EC-920F-4431A9E9A7E1}.Debug|x86.ActiveCfg = Debug|x86
		{A6C8D2FC-B5A9-45EC-920F-4431A9E9A7E1}.Debug|x86.Build.0 = Debug|x86
		{A6C8D2FC-B5A9-45EC-920F-4431A9E9A7E1}.Debug|x86.Deploy.0 = Debug|x86
		{A6C8D2FC-B5A9-45EC-920F-4431A9E9A7E1}.Release|Any CPU.ActiveCfg = Release|x86
		{A6C8D2FC-B5A9-45EC-920F-4431A9E9A7E1}.Release|ARM.ActiveCfg = Release|ARM
		{A6C8D2FC-B5A9-45EC-920F-4431A9E9A7E1}.Release|ARM.Build.0 = Release|ARM
		{A6C8D2FC-B5A9-45EC-920F-4431A9E9A7E1}.Release|ARM.Deploy.0 = Release|ARM
		{A6C8D2FC-B5A9-45EC-920F-4431A9E9A7E1}.Release|iPhone.ActiveCfg = Release|x86
		{A6C8D2FC-B5A9-45EC-920F-4431A9E9A7E1}.Release|iPhoneSimulator.ActiveCfg = Release|x86
		{A6C8D2FC-B5A9-45EC-920F-4431A9E9A7E1}.Release|x64.ActiveCfg = Release|x64
		{A6C8D2FC-B5A9-45EC-920F-4431A9E9A7E1}.Release|x64.Build.0 = Release|x64
		{A6C8D2FC-B5A9-45EC-920F-4431A9E9A7E1}.Release|x64.Deploy.0 = Release|x64
		{A6C8D2FC-B5A9-45EC-920F-4431A9E9A7E1}.Release|x86.ActiveCfg = Release|x86
		{A6C8D2FC-B5A9-45EC-920F-4431A9E9A7E1}.Release|x86.Build.0 = Release|x86
		{A6C8D2FC-B5A9-45EC-920F-4431A9E9A7E1}.Release|x86.Deploy.0 = Release|x86
	EndGlobalSection
	GlobalSection(SolutionProperties) = preSolution
		HideSolutionNode = FALSE
	EndGlobalSection
EndGlobal
